# THIS IS AN AUTOGENERATED FILE. DO NOT EDIT THIS FILE DIRECTLY.
# yarn lockfile v1


alea@0.0.9:
  version "0.0.9"
  resolved "https://registry.yarnpkg.com/alea/-/alea-0.0.9.tgz#f738cb45f83430069f45cf69ccbf312dd57a9e1a"
  integrity sha1-9zjLRfg0MAafRc9pzL8xLdV6nho=

node-random-name@^1.0.1:
  version "1.0.1"
  resolved "https://registry.yarnpkg.com/node-random-name/-/node-random-name-1.0.1.tgz#9e2404c7a01e0905a2f76168821edb2dcd14f758"
  integrity sha1-niQEx6AeCQWi92Fogh7bLc0U91g=
  dependencies:
    alea "0.0.9"
